
Microsoft Visual Studio Solution File, Format Version 12.00
# Visual Studio 15
VisualStudioVersion = 15.0.26430.13
MinimumVisualStudioVersion = 10.0.40219.1
Project("{FAE04EC0-301F-11D3-BF4B-00C04F79EFBC}") = "UI", "UI\UI.csproj", "{17A49AA2-D4CC-48A8-B881-13681605910F}"
EndProject
Project("{FAE04EC0-301F-11D3-BF4B-00C04F79EFBC}") = "BLL", "BLL\BLL.csproj", "{2A586254-A42D-4844-A460-1518499A54C7}"
EndProject
Global
	GlobalSection(SolutionConfigurationPlatforms) = preSolution
		Debug|Any CPU = Debug|Any CPU
		Release|Any CPU = Release|Any CPU
	EndGlobalSection
	GlobalSection(ProjectConfigurationPlatforms) = postSolution
		{17A49AA2-D4CC-48A8-B881-13681605910F}.Debug|Any CPU.ActiveCfg = Debug|Any CPU
		{17A49AA2-D4CC-48A8-B881-13681605910F}.Debug|Any CPU.Build.0 = Debug|Any CPU
		{17A49AA2-D4CC-48A8-B881-13681605910F}.Release|Any CPU.ActiveCfg = Release|Any CPU
		{17A49AA2-D4CC-48A8-B881-13681605910F}.Release|Any CPU.Build.0 = Release|Any CPU
		{2A586254-A42D-4844-A460-1518499A54C7}.Debug|Any CPU.ActiveCfg = Debug|Any CPU
		{2A586254-A42D-4844-A460-1518499A54C7}.Debug|Any CPU.Build.0 = Debug|Any CPU
		{2A586254-A42D-4844-A460-1518499A54C7}.Release|Any CPU.ActiveCfg = Release|Any CPU
		{2A586254-A42D-4844-A460-1518499A54C7}.Release|Any CPU.Build.0 = Release|Any CPU
	EndGlobalSection
	GlobalSection(SolutionProperties) = preSolution
		HideSolutionNode = FALSE
	EndGlobalSection
EndGlobal
